
Microsoft Visual Studio Solution File, Format Version 12.00
# Visual Studio Version 16
VisualStudioVersion = 16.0.30503.244
MinimumVisualStudioVersion = 10.0.40219.1
Project("{F2A71F9B-5D33-465A-A702-920D77279786}") = "re", "re.fsproj", "{AD7364DE-02BC-45E1-9C45-0316FAEB8D9C}"
EndProject
Global
	GlobalSection(SolutionConfigurationPlatforms) = preSolution
		Debug|Any CPU = Debug|Any CPU
		Release|Any CPU = Release|Any CPU
	EndGlobalSection
	GlobalSection(ProjectConfigurationPlatforms) = postSolution
		{AD7364DE-02BC-45E1-9C45-0316FAEB8D9C}.Debug|Any CPU.ActiveCfg = Debug|Any CPU
		{AD7364DE-02BC-45E1-9C45-0316FAEB8D9C}.Debug|Any CPU.Build.0 = Debug|Any CPU
		{AD7364DE-02BC-45E1-9C45-0316FAEB8D9C}.Release|Any CPU.ActiveCfg = Release|Any CPU
		{AD7364DE-02BC-45E1-9C45-0316FAEB8D9C}.Release|Any CPU.Build.0 = Release|Any CPU
	EndGlobalSection
	GlobalSection(SolutionProperties) = preSolution
		HideSolutionNode = FALSE
	EndGlobalSection
	GlobalSection(ExtensibilityGlobals) = postSolution
		SolutionGuid = {80A1D173-7757-4864-96C7-872BFE8D58A6}
	EndGlobalSection
EndGlobal
